
Microsoft Visual Studio Solution File, Format Version 12.00
# Visual Studio Version 16
VisualStudioVersion = 16.0.30804.86
MinimumVisualStudioVersion = 10.0.40219.1
Project("{9A19103F-16F7-4668-BE54-9A1E7A4F7556}") = "v2rayUpgrade", "v2rayUpgrade\v2rayUpgrade.csproj", "{198BB112-32D7-45DA-8C52-8E183EB49667}"
EndProject
Project("{9A19103F-16F7-4668-BE54-9A1E7A4F7556}") = "v2rayN", "v2rayN\v2rayN.csproj", "{2873F102-5B8A-4157-A754-92988643C863}"
	ProjectSection(ProjectDependencies) = postProject
		{198BB112-32D7-45DA-8C52-8E183EB49667} = {198BB112-32D7-45DA-8C52-8E183EB49667}
	EndProjectSection
EndProject
Global
	GlobalSection(SolutionConfigurationPlatforms) = preSolution
		Debug|Any CPU = Debug|Any CPU
		Debug|x64 = Debug|x64
		Debug|x86 = Debug|x86
		Release|Any CPU = Release|Any CPU
		Release|x64 = Release|x64
		Release|x86 = Release|x86
	EndGlobalSection
	GlobalSection(ProjectConfigurationPlatforms) = postSolution
		{198BB112-32D7-45DA-8C52-8E183EB49667}.Debug|Any CPU.ActiveCfg = Debug|Any CPU
		{198BB112-32D7-45DA-8C52-8E183EB49667}.Debug|Any CPU.Build.0 = Debug|Any CPU
		{198BB112-32D7-45DA-8C52-8E183EB49667}.Debug|x64.ActiveCfg = Debug|x64
		{198BB112-32D7-45DA-8C52-8E183EB49667}.Debug|x64.Build.0 = Debug|x64
		{198BB112-32D7-45DA-8C52-8E183EB49667}.Debug|x86.ActiveCfg = Debug|x86
		{198BB112-32D7-45DA-8C52-8E183EB49667}.Debug|x86.Build.0 = Debug|x86
		{198BB112-32D7-45DA-8C52-8E183EB49667}.Release|Any CPU.ActiveCfg = Release|Any CPU
		{198BB112-32D7-45DA-8C52-8E183EB49667}.Release|Any CPU.Build.0 = Release|Any CPU
		{198BB112-32D7-45DA-8C52-8E183EB49667}.Release|x64.ActiveCfg = Release|x64
		{198BB112-32D7-45DA-8C52-8E183EB49667}.Release|x64.Build.0 = Release|x64
		{198BB112-32D7-45DA-8C52-8E183EB49667}.Release|x86.ActiveCfg = Release|x86
		{198BB112-32D7-45DA-8C52-8E183EB49667}.Release|x86.Build.0 = Release|x86
		{2873F102-5B8A-4157-A754-92988643C863}.Debug|Any CPU.ActiveCfg = Debug|Any CPU
		{2873F102-5B8A-4157-A754-92988643C863}.Debug|Any CPU.Build.0 = Debug|Any CPU
		{2873F102-5B8A-4157-A754-92988643C863}.Debug|x64.ActiveCfg = Debug|x64
		{2873F102-5B8A-4157-A754-92988643C863}.Debug|x64.Build.0 = Debug|x64
		{2873F102-5B8A-4157-A754-92988643C863}.Debug|x86.ActiveCfg = Debug|x86
		{2873F102-5B8A-4157-A754-92988643C863}.Debug|x86.Build.0 = Debug|x86
		{2873F102-5B8A-4157-A754-92988643C863}.Release|Any CPU.ActiveCfg = Release|Any CPU
		{2873F102-5B8A-4157-A754-92988643C863}.Release|Any CPU.Build.0 = Release|Any CPU
		{2873F102-5B8A-4157-A754-92988643C863}.Release|x64.ActiveCfg = Release|x64
		{2873F102-5B8A-4157-A754-92988643C863}.Release|x64.Build.0 = Release|x64
		{2873F102-5B8A-4157-A754-92988643C863}.Release|x86.ActiveCfg = Release|x86
		{2873F102-5B8A-4157-A754-92988643C863}.Release|x86.Build.0 = Release|x86
	EndGlobalSection
	GlobalSection(SolutionProperties) = preSolution
		HideSolutionNode = FALSE
	EndGlobalSection
	GlobalSection(ExtensibilityGlobals) = postSolution
		RESX_SortFileContentOnSave = True
		SolutionGuid = {56B88873-C9CC-4069-A1E5-DABD6C6E865E}
	EndGlobalSection
EndGlobal
